
Microsoft Visual Studio Solution File, Format Version 12.00
# RemObjects Water
Project("{656346D9-4656-40DA-A068-22D5425D4639}") = "CS", "CS\CS.elements", "{C48A42F4-1619-4E1D-8186-DC216DA41515}"
EndProject
Project("{656346D9-4656-40DA-A068-22D5425D4639}") = "CSwin", "CSwin\CSwin.elements", "{685BC77F-6B81-4878-BAE3-3F47C491EDC1}"
EndProject
Project("{656346D9-4656-40DA-A068-22D5425D4639}") = "Go", "Go\Go.elements", "{DFB0783C-C970-4AF5-BB35-6684B6FEFA70}"
EndProject
Project("{656346D9-4656-40DA-A068-22D5425D4639}") = "Java8", "Java8\Java8.elements", "{BB266F69-74D6-4BAC-BAAD-B7E2ABC6B5E3}"
EndProject
Project("{656346D9-4656-40DA-A068-22D5425D4639}") = "Native_GCvsARC", "Native_GCvsARC\Native_GCvsARC.elements", "{EA59997F-0037-47D6-9CC3-2B0FA0F6195E}"
EndProject
Project("{656346D9-4656-40DA-A068-22D5425D4639}") = "OxyNET", "OxyNET\OxyNET.elements", "{945E7802-18C3-4FE7-9DCF-A10465CC82A4}"
EndProject
Project("{656346D9-4656-40DA-A068-22D5425D4639}") = "OxyWin", "OxyWin\OxyWin.elements", "{3EDF1263-B1CC-4FE2-BF8F-F068E1A3BD1E}"
EndProject
Project("{656346D9-4656-40DA-A068-22D5425D4639}") = "SwiftJVM", "SwiftJVM\SwiftJVM.elements", "{8183C24A-C40C-4B97-B98D-4508D13C3B87}"
EndProject
Project("{656346D9-4656-40DA-A068-22D5425D4639}") = "SwiftWin", "SwiftWin\SwiftWin.elements", "{2F2E4F8B-6994-4D15-81D0-B7477D9CF05F}"
EndProject
Global
	GlobalSection(SolutionConfigurationPlatforms) = preSolution
		Debug|AnyCPU = Debug|AnyCPU
		Release|AnyCPU = Release|AnyCPU
	EndGlobalSection
	GlobalSection(ProjectConfigurationPlatforms) = postSolution
		{C48A42F4-1619-4E1D-8186-DC216DA41515}.Debug|AnyCPU.ActiveCfg = Debug|AnyCPU
		{C48A42F4-1619-4E1D-8186-DC216DA41515}.Debug|AnyCPU.Build.0 = Debug|AnyCPU
		{C48A42F4-1619-4E1D-8186-DC216DA41515}.Release|AnyCPU.ActiveCfg = Release|AnyCPU
		{C48A42F4-1619-4E1D-8186-DC216DA41515}.Release|AnyCPU.Build.0 = Release|AnyCPU
		{685BC77F-6B81-4878-BAE3-3F47C491EDC1}.Debug|AnyCPU.ActiveCfg = Debug|AnyCPU
		{685BC77F-6B81-4878-BAE3-3F47C491EDC1}.Debug|AnyCPU.Build.0 = Debug|AnyCPU
		{685BC77F-6B81-4878-BAE3-3F47C491EDC1}.Release|AnyCPU.ActiveCfg = Release|AnyCPU
		{685BC77F-6B81-4878-BAE3-3F47C491EDC1}.Release|AnyCPU.Build.0 = Release|AnyCPU
		{DFB0783C-C970-4AF5-BB35-6684B6FEFA70}.Debug|AnyCPU.ActiveCfg = Debug|AnyCPU
		{DFB0783C-C970-4AF5-BB35-6684B6FEFA70}.Debug|AnyCPU.Build.0 = Debug|AnyCPU
		{DFB0783C-C970-4AF5-BB35-6684B6FEFA70}.Release|AnyCPU.ActiveCfg = Release|AnyCPU
		{DFB0783C-C970-4AF5-BB35-6684B6FEFA70}.Release|AnyCPU.Build.0 = Release|AnyCPU
		{BB266F69-74D6-4BAC-BAAD-B7E2ABC6B5E3}.Debug|AnyCPU.ActiveCfg = Debug|AnyCPU
		{BB266F69-74D6-4BAC-BAAD-B7E2ABC6B5E3}.Debug|AnyCPU.Build.0 = Debug|AnyCPU
		{BB266F69-74D6-4BAC-BAAD-B7E2ABC6B5E3}.Release|AnyCPU.ActiveCfg = Release|AnyCPU
		{BB266F69-74D6-4BAC-BAAD-B7E2ABC6B5E3}.Release|AnyCPU.Build.0 = Release|AnyCPU
		{EA59997F-0037-47D6-9CC3-2B0FA0F6195E}.Debug|AnyCPU.ActiveCfg = Debug|AnyCPU
		{EA59997F-0037-47D6-9CC3-2B0FA0F6195E}.Debug|AnyCPU.Build.0 = Debug|AnyCPU
		{EA59997F-0037-47D6-9CC3-2B0FA0F6195E}.Release|AnyCPU.ActiveCfg = Release|AnyCPU
		{EA59997F-0037-47D6-9CC3-2B0FA0F6195E}.Release|AnyCPU.Build.0 = Release|AnyCPU
		{945E7802-18C3-4FE7-9DCF-A10465CC82A4}.Debug|AnyCPU.ActiveCfg = Debug|AnyCPU
		{945E7802-18C3-4FE7-9DCF-A10465CC82A4}.Debug|AnyCPU.Build.0 = Debug|AnyCPU
		{945E7802-18C3-4FE7-9DCF-A10465CC82A4}.Release|AnyCPU.ActiveCfg = Release|AnyCPU
		{945E7802-18C3-4FE7-9DCF-A10465CC82A4}.Release|AnyCPU.Build.0 = Release|AnyCPU
		{3EDF1263-B1CC-4FE2-BF8F-F068E1A3BD1E}.Debug|AnyCPU.ActiveCfg = Debug|AnyCPU
		{3EDF1263-B1CC-4FE2-BF8F-F068E1A3BD1E}.Debug|AnyCPU.Build.0 = Debug|AnyCPU
		{3EDF1263-B1CC-4FE2-BF8F-F068E1A3BD1E}.Release|AnyCPU.ActiveCfg = Release|AnyCPU
		{3EDF1263-B1CC-4FE2-BF8F-F068E1A3BD1E}.Release|AnyCPU.Build.0 = Release|AnyCPU
		{8183C24A-C40C-4B97-B98D-4508D13C3B87}.Debug|AnyCPU.ActiveCfg = Debug|AnyCPU
		{8183C24A-C40C-4B97-B98D-4508D13C3B87}.Debug|AnyCPU.Build.0 = Debug|AnyCPU
		{8183C24A-C40C-4B97-B98D-4508D13C3B87}.Release|AnyCPU.ActiveCfg = Release|AnyCPU
		{8183C24A-C40C-4B97-B98D-4508D13C3B87}.Release|AnyCPU.Build.0 = Release|AnyCPU
		{2F2E4F8B-6994-4D15-81D0-B7477D9CF05F}.Debug|AnyCPU.ActiveCfg = Debug|AnyCPU
		{2F2E4F8B-6994-4D15-81D0-B7477D9CF05F}.Debug|AnyCPU.Build.0 = Debug|AnyCPU
		{2F2E4F8B-6994-4D15-81D0-B7477D9CF05F}.Release|AnyCPU.ActiveCfg = Release|AnyCPU
		{2F2E4F8B-6994-4D15-81D0-B7477D9CF05F}.Release|AnyCPU.Build.0 = Release|AnyCPU
	EndGlobalSection
	GlobalSection(SolutionProperties) = preSolution
		HideSolutionNode = FALSE
	EndGlobalSection
EndGlobal